
Microsoft Visual Studio Solution File, Format Version 12.00
# Visual Studio Version 17
VisualStudioVersion = 17.10.35013.160
MinimumVisualStudioVersion = 10.0.40219.1
Project("{FAE04EC0-301F-11D3-BF4B-00C04F79EFBC}") = "Transpiler", "Transpiler\Transpiler.csproj", "{BD95E6F0-D570-4EA7-9E22-37D41BC3E5FF}"
EndProject
Global
	GlobalSection(SolutionConfigurationPlatforms) = preSolution
		Debug|Any CPU = Debug|Any CPU
		Release|Any CPU = Release|Any CPU
	EndGlobalSection
	GlobalSection(ProjectConfigurationPlatforms) = postSolution
		{BD95E6F0-D570-4EA7-9E22-37D41BC3E5FF}.Debug|Any CPU.ActiveCfg = Debug|Any CPU
		{BD95E6F0-D570-4EA7-9E22-37D41BC3E5FF}.Debug|Any CPU.Build.0 = Debug|Any CPU
		{BD95E6F0-D570-4EA7-9E22-37D41BC3E5FF}.Release|Any CPU.ActiveCfg = Release|Any CPU
		{BD95E6F0-D570-4EA7-9E22-37D41BC3E5FF}.Release|Any CPU.Build.0 = Release|Any CPU
	EndGlobalSection
	GlobalSection(SolutionProperties) = preSolution
		HideSolutionNode = FALSE
	EndGlobalSection
	GlobalSection(ExtensibilityGlobals) = postSolution
		SolutionGuid = {606096E9-5BAC-424B-88F5-113BB9998B9C}
	EndGlobalSection
EndGlobal
